{
  "name": "kl",
  "version": "1.0.0",
  "lockfileVersion": 1,
  "requires": true,
  "dependencies": {
    "bootstrap": {
      "version": "4.1.3",
      "resolved": "https://registry.npmjs.org/bootstrap/-/bootstrap-4.1.3.tgz",
      "integrity": "sha512-rDFIzgXcof0jDyjNosjv4Sno77X4KuPeFxG2XZZv1/Kc8DRVGVADdoQyyOVDwPqL36DDmtCQbrpMCqvpPLJQ0w=="
    },
    "jquery": {
      "version": "3.3.1",
      "resolved": "https://registry.npmjs.org/jquery/-/jquery-3.3.1.tgz",
      "integrity": "sha512-Ubldcmxp5np52/ENotGxlLe6aGMvmF4R8S6tZjsP6Knsaxd/xp3Zrh50cG93lR6nPXyUFwzN3ZSOQI0wRJNdGg=="
    },
    "trumbowyg": {
      "version": "2.11.1",
      "resolved": "https://registry.npmjs.org/trumbowyg/-/trumbowyg-2.11.1.tgz",
      "integrity": "sha512-FtuxsO/6sP14HrjFArBK78CSQj6f8RYjv+oQ6vSygMwi5VknGOZAiml0nCwbgXyhICHVATvOquZA5sPFK21EdQ=="
    }
  }
}
